Microsoft Visual Studio Solution File, Format Version 12.00
# Visual Studio 15
VisualStudioVersion = 15.0.26730.16
MinimumVisualStudioVersion = 10.0.40219.1
Project("{FAE04EC0-301F-11D3-BF4B-00C04F79EFBC}") = "LaunchDarkly.Xamarin", "src\LaunchDarkly.Xamarin\LaunchDarkly.Xamarin.csproj", "{7717A2B2-9905-40A7-989F-790139D69543}"
EndProject
Project("{FAE04EC0-301F-11D3-BF4B-00C04F79EFBC}") = "LaunchDarkly.Xamarin.Tests", "tests\LaunchDarkly.Xamarin.Tests\LaunchDarkly.Xamarin.Tests.csproj", "{F6B71DFE-314C-4F27-A219-A14569C8CF48}"
EndProject
Global
	GlobalSection(SolutionConfigurationPlatforms) = preSolution
		Debug|Any CPU = Debug|Any CPU
		Release|Any CPU = Release|Any CPU
	EndGlobalSection
	GlobalSection(ProjectConfigurationPlatforms) = postSolution
		{7717A2B2-9905-40A7-989F-790139D69543}.Debug|Any CPU.ActiveCfg = Debug|Any CPU
		{7717A2B2-9905-40A7-989F-790139D69543}.Debug|Any CPU.Build.0 = Debug|Any CPU
		{7717A2B2-9905-40A7-989F-790139D69543}.Release|Any CPU.ActiveCfg = Release|Any CPU
		{7717A2B2-9905-40A7-989F-790139D69543}.Release|Any CPU.Build.0 = Release|Any CPU
		{F6B71DFE-314C-4F27-A219-A14569C8CF48}.Debug|Any CPU.ActiveCfg = Debug|Any CPU
		{F6B71DFE-314C-4F27-A219-A14569C8CF48}.Debug|Any CPU.Build.0 = Debug|Any CPU
		{F6B71DFE-314C-4F27-A219-A14569C8CF48}.Release|Any CPU.ActiveCfg = Release|Any CPU
		{F6B71DFE-314C-4F27-A219-A14569C8CF48}.Release|Any CPU.Build.0 = Release|Any CPU
	EndGlobalSection
	GlobalSection(SolutionProperties) = preSolution
		HideSolutionNode = FALSE
	EndGlobalSection
	GlobalSection(ExtensibilityGlobals) = postSolution
		SolutionGuid = {15BD347E-A7C3-48FE-8007-0DB2D227EF3E}
	EndGlobalSection
EndGlobal
